{
  "pins" : [
    {
      "identity" : "kitobuttons",
      "kind" : "remoteSourceControl",
      "location" : "https://github.com/wykeenjenga/KitoButtons.git",
      "state" : {
        "revision" : "55e0d42189438030c71ad263a6d9d644e43def20",
        "version" : "1.5.0"
      }
    },
    {
      "identity" : "kitofields",
      "kind" : "remoteSourceControl",
      "location" : "https://github.com/wykeenjenga/KitoFields.git",
      "state" : {
        "revision" : "07d72a9b066e507812653c8a810df19a37690700",
        "version" : "1.4.0"
      }
    }
  ],
  "version" : 2
}
