{
  "pins" : [
    {
      "identity" : "kitobuttons",
      "kind" : "remoteSourceControl",
      "location" : "https://github.com/wykeenjenga/KitoButtons.git",
      "state" : {
        "revision" : "55b76bd77ac1fca1796e91f8b7add7c4b36682ad",
        "version" : "1.8.1"
      }
    },
    {
      "identity" : "kitofields",
      "kind" : "remoteSourceControl",
      "location" : "https://github.com/wykeenjenga/KitoFields.git",
      "state" : {
        "revision" : "b7974016007c3e2cdce58dfabeabd2c775a9dfbe",
        "version" : "1.9.2"
      }
    }
  ],
  "version" : 2
}
